
Microsoft Visual Studio Solution File, Format Version 12.00
# Visual Studio 2012
Project("{FAE04EC0-301F-11D3-BF4B-00C04F79EFBC}") = "GenericLinkedList", "GenericLinkedList\GenericLinkedList.csproj", "{DA94D02A-7A7C-44A0-ABDB-6A80C0431A9D}"
EndProject
Global
	GlobalSection(SolutionConfigurationPlatforms) = preSolution
		Debug|Any CPU = Debug|Any CPU
		Release|Any CPU = Release|Any CPU
	EndGlobalSection
	GlobalSection(ProjectConfigurationPlatforms) = postSolution
		{DA94D02A-7A7C-44A0-ABDB-6A80C0431A9D}.Debug|Any CPU.ActiveCfg = Debug|Any CPU
		{DA94D02A-7A7C-44A0-ABDB-6A80C0431A9D}.Debug|Any CPU.Build.0 = Debug|Any CPU
		{DA94D02A-7A7C-44A0-ABDB-6A80C0431A9D}.Release|Any CPU.ActiveCfg = Release|Any CPU
		{DA94D02A-7A7C-44A0-ABDB-6A80C0431A9D}.Release|Any CPU.Build.0 = Release|Any CPU
	EndGlobalSection
	GlobalSection(SolutionProperties) = preSolution
		HideSolutionNode = FALSE
	EndGlobalSection
EndGlobal
